version = 1
revision = 1
requires-python = ">=3.10"

[[package]]
name = "handlebarrz"
version = "0.1.9"
source = { registry = "https://test.pypi.org/simple" }
dependencies = [
    { name = "strenum", marker = "python_full_version < '3.11'" },
    { name = "structlog" },
]
wheels = [
    { url = "https://test-files.pythonhosted.org/packages/2e/68/d4199c3a90949f2463405b2c6c64a7652b30de2450349689e5c25a51ddf5/handlebarrz-0.1.9-cp310-cp310-macosx_10_12_x86_64.whl", hash = "sha256:bcbed187b2334321b34540a09cc9516361c033cb7b98791af210b826bf3bf64b", size = 2019145 },
    { url = "https://test-files.pythonhosted.org/packages/be/30/f3222a0c59a8596b3a9ade6f4e1a737253ee33d442721da4654bd06061f7/handlebarrz-0.1.9-cp310-cp310-macosx_11_0_arm64.whl", hash = "sha256:344572b772e21adf957ba990a86a839efef134b08875833077e79fd5cbdf65b9", size = 2052459 },
    { url = "https://test-files.pythonhosted.org/packages/e6/d2/8852f7300672bf6193f511511ecbc14ddc50af54456b8a7038d4d8f3c5c0/handlebarrz-0.1.9-cp310-cp310-manylinux_2_24_aarch64.whl", hash = "sha256:eae56c7b75777f844da44358eea8edf8cee1238a80d5ceb21feac91d9df077bf", size = 569990 },
    { url = "https://test-files.pythonhosted.org/packages/2e/fb/2f2f2d170accb8a3ec092c8d7fd550277a30211b00d6c60ce98a3c7e566f/handlebarrz-0.1.9-cp310-cp310-manylinux_2_24_x86_64.whl", hash = "sha256:b5438a45343d2fb92f14f0f6449f56f1a91c33a71c68356ef23e314e93a789bd", size = 595228 },
    { url = "https://test-files.pythonhosted.org/packages/20/3c/880abf31bbdfad88e24009e7c52ff0625f9bfe946afee302e269898f7a22/handlebarrz-0.1.9-cp310-cp310-manylinux_2_25_aarch64.whl", hash = "sha256:8bab76f9e629df2cacff15ecce878485dffb488fdd80dd6de4c4ece98299f4fd", size = 569991 },
    { url = "https://test-files.pythonhosted.org/packages/e4/f4/f492c6fc53f152583a49eebfda9b5bfc093a817bf82f47c25ae431159e38/handlebarrz-0.1.9-cp310-cp310-manylinux_2_25_x86_64.whl", hash = "sha256:0f520b0a69bb01868810ae64ab773b4956e73b99af356640cd6aaf1a5da8abce", size = 595228 },
    { url = "https://test-files.pythonhosted.org/packages/28/e3/57b700b77a5ac0ae882fc1aad4c35a19aeb8dfe9a7c8f0ffe168ccc353bd/handlebarrz-0.1.9-cp310-cp310-manylinux_2_26_aarch64.whl", hash = "sha256:b187cf6a17eea450ad84e62867a7ed1cfac465e1903a14fb1620c707fdf1d5b8", size = 569992 },
    { url = "https://test-files.pythonhosted.org/packages/e0/11/36aaee017fe53e6b2c01922c05c097fdae1b30d545e5635a3453dfe09ad9/handlebarrz-0.1.9-cp310-cp310-manylinux_2_26_x86_64.whl", hash = "sha256:8595de1deab08611028e430764d32a26d7df731be3f207986172c0ff9e5e877e", size = 595229 },
    { url = "https://test-files.pythonhosted.org/packages/0e/1e/a8d4a1e736a7a9a2bd9eeb717c82a7dd7ece47ca82687dae5f6635b5e773/handlebarrz-0.1.9-cp310-cp310-manylinux_2_27_aarch64.whl", hash = "sha256:3ccca07749bcf320d8c9b319f47becfe5e366225ba8a39e80143ec7a4e52456a", size = 569991 },
    { url = "https://test-files.pythonhosted.org/packages/01/f4/d36a9dd359df8b2380fd43e8a694debf7f959a4f24ba79805d83ee3a5652/handlebarrz-0.1.9-cp310-cp310-manylinux_2_27_x86_64.whl", hash = "sha256:ff07316f07b5caf988b228a472a11fc6095a19a460a84200e7be78c285c51374", size = 595229 },
    { url = "https://test-files.pythonhosted.org/packages/46/bb/96e5e9f1aace9d9d6086ec0ad5988aa827e88b22f7962ce6c4191106d3f1/handlebarrz-0.1.9-cp310-cp310-manylinux_2_28_aarch64.whl", hash = "sha256:4fa6a9246f88116bcab5a666cbe96a6e3cf34a7a9b6f9ad93f045312918a87d9", size = 569991 },
    { url = "https://test-files.pythonhosted.org/packages/95/1e/414ea4157ba42330763237a1befd2f57a361283e784578e67bd9a4963b12/handlebarrz-0.1.9-cp310-cp310-manylinux_2_28_x86_64.whl", hash = "sha256:d0614bd9e63bd530558faf0273dc72db81cff41d6be35c7da1b2592dc0e42ca4", size = 595229 },
    { url = "https://test-files.pythonhosted.org/packages/05/53/9909becf58d016d8de06183235c8d8bb9ec1afa253fb002eddf8385a25bf/handlebarrz-0.1.9-cp310-cp310-manylinux_2_29_aarch64.whl", hash = "sha256:0c6ddfbf8a3ab234739a4300ea0de71be4926ac9dbb8e9a883c1e6bdec904cef", size = 569990 },
    { url = "https://test-files.pythonhosted.org/packages/60/71/435d92d52bff1399b321d1d4b4ef46b28153b10089a7d466efd1da2f1432/handlebarrz-0.1.9-cp310-cp310-manylinux_2_29_x86_64.whl", hash = "sha256:8a867a881a6185bce775d7a0eb0379e6ccd9360187e9636d97b6859478ce3ae6", size = 595229 },
    { url = "https://test-files.pythonhosted.org/packages/2a/be/33b9ac1ec09e749eafcce0dfea1700ba538139b57ae56482737911e643cb/handlebarrz-0.1.9-cp310-cp310-manylinux_2_30_aarch64.whl", hash = "sha256:199a66c3b1cfcf04933ccb43ad5e17fd502e275a7dc541da3b0581f1d00f8198", size = 569990 },
    { url = "https://test-files.pythonhosted.org/packages/24/43/003bd9b93946e6efd31cdd83ae5683405da6a844cc190b1b22454470cbc5/handlebarrz-0.1.9-cp310-cp310-manylinux_2_30_x86_64.whl", hash = "sha256:fbcf14bf6e131345bb0a03ab5aa1601f41de28be272550f66e737f77550c33a1", size = 595230 },
    { url = "https://test-files.pythonhosted.org/packages/e7/ac/ff464d192233f7a6077b55af182a38ac9bd0a69a4d04370582978bdf9f2f/handlebarrz-0.1.9-cp310-cp310-manylinux_2_31_aarch64.whl", hash = "sha256:ea6089d4dddd22da7a357b60e6b52211a5f0629f2875eb250ca2cc1dcc22e48d", size = 569991 },
    { url = "https://test-files.pythonhosted.org/packages/d7/3b/4601d4fb87cc5df5fc4b15ae8cd53149d0eeecc553f84e7c103e13918037/handlebarrz-0.1.9-cp310-cp310-manylinux_2_31_x86_64.whl", hash = "sha256:7cbfd573320ae3203b701a235dbb122d9263d6dc3d823703690363954385c195", size = 595230 },
    { url = "https://test-files.pythonhosted.org/packages/99/90/dc8ab57d8f8485049fa712399339fbcc53a2929a385c316fe9608d64dfed/handlebarrz-0.1.9-cp310-cp310-manylinux_2_32_aarch64.whl", hash = "sha256:0304f1a817af851052a92ecde1f1a5820f678ee2f2ab3242fc0e7faf003c1134", size = 569991 },
    { url = "https://test-files.pythonhosted.org/packages/05/ef/c2e302bb7948335002e8e630cadbaa44b477a9cfded10245ed6733880c58/handlebarrz-0.1.9-cp310-cp310-manylinux_2_32_x86_64.whl", hash = "sha256:a50fd3b9807432d803fa89aef46be400088e3b641db9492d07eecbe87dfa8609", size = 595228 },
    { url = "https://test-files.pythonhosted.org/packages/bb/c2/e6740840d55901382902cfbd2b359f2b3dc544a8d806b7cccaba29566d5a/handlebarrz-0.1.9-cp310-cp310-manylinux_2_33_aarch64.whl", hash = "sha256:e222756eb4f14f25b725ebc95e1c3026b1e951105554694331f91b5b4395da3d", size = 569990 },
    { url = "https://test-files.pythonhosted.org/packages/27/97/bd858e7b48097146a99cafd9cbc9dbb074eeb10c6806b4c0bad311aa97e6/handlebarrz-0.1.9-cp310-cp310-manylinux_2_33_x86_64.whl", hash = "sha256:827c244661b87336820a7e85ca6270caf147cb8802ade689071469cd4ebd985e", size = 595228 },
    { url = "https://test-files.pythonhosted.org/packages/7b/6e/4c6c111eb05699ffd954e069a5b2a6c2f332cf44db67a7cc8a3761fefbd7/handlebarrz-0.1.9-cp310-cp310-manylinux_2_34_aarch64.whl", hash = "sha256:2b996594c9438213df79358d9f7e7a1202f013129bf4d1289fbfe2bdc7870750", size = 569991 },
    { url = "https://test-files.pythonhosted.org/packages/23/2c/35fcd10065bc8edcf97759024ac5c11ce7ec3e89c0e1a6c53797f6c32d51/handlebarrz-0.1.9-cp310-cp310-manylinux_2_34_x86_64.whl", hash = "sha256:f8a3548db1e94a60539a7b873c48065091fe281faa409842f9f5c26d9bbcc6fb", size = 595229 },
    { url = "https://test-files.pythonhosted.org/packages/2f/7f/1a9e11ff0312ee290758506ae504d1be36cbbadc088e4f9f49e276178569/handlebarrz-0.1.9-cp310-cp310-manylinux_2_35_aarch64.whl", hash = "sha256:eaafc1cc93cbc776ac99ab711c24690070eafa70b22fe6e2d59ef8bdd515a00e", size = 569990 },
    { url = "https://test-files.pythonhosted.org/packages/51/d0/e1eaf326597a9c5beee149c1db0ec0796e351a74901a561b289c4bb0f268/handlebarrz-0.1.9-cp310-cp310-manylinux_2_35_x86_64.whl", hash = "sha256:42ec85f8ba31c117dad022d474e3373f05ed6e55ef5dd00e563faafe1628379a", size = 595229 },
    { url = "https://test-files.pythonhosted.org/packages/8f/fd/ee3b9b5c6c8bfda15a70077506adced8fac23e206c3828412466ac2d08c0/handlebarrz-0.1.9-cp310-cp310-manylinux_2_36_aarch64.whl", hash = "sha256:f92c1b1434b54b65d9f8848542a6d00f3076ba71359744dc9a8ac7fa3ec8ea07", size = 569990 },
    { url = "https://test-files.pythonhosted.org/packages/5a/24/36522101ae81305dd0a4dc32a9cea1c6a95fd9091b71b67abb1b9ebf9cb2/handlebarrz-0.1.9-cp310-cp310-manylinux_2_36_x86_64.whl", hash = "sha256:4f36fb0e312354da19e84240e412299df127802ba3f5c511248c1ab288488f6c", size = 595229 },
    { url = "https://test-files.pythonhosted.org/packages/3b/13/c393319e90c80573bbbcf07a575b6f9d70e494f07f098b59e1e5d2db1afb/handlebarrz-0.1.9-cp310-cp310-manylinux_2_37_aarch64.whl", hash = "sha256:c4b5a5178d78da133a260e0b078951d29b4cd7588a9389e1c68445b34509359d", size = 569990 },
    { url = "https://test-files.pythonhosted.org/packages/e3/25/5b0f9285bae192ea887f6713b25bf93f040156e8e519cd117e406ab89db7/handlebarrz-0.1.9-cp310-cp310-manylinux_2_37_x86_64.whl", hash = "sha256:2b95912cba274dc45fc250911c7d533ccd2cfadb9ebc45389a50b4de470f8db5", size = 595229 },
    { url = "https://test-files.pythonhosted.org/packages/7b/e2/a62e704e3cf0124e9fdcd3071068262fa86e9078727f14fddb4d7b2d5451/handlebarrz-0.1.9-cp310-cp310-manylinux_2_38_aarch64.whl", hash = "sha256:a43968e1ac018d3ed6a2dc65e61561abebef59600e67a4a429ce2f28fc89667b", size = 569992 },
    { url = "https://test-files.pythonhosted.org/packages/21/26/f38b9a07cfd676a3e7d142a97f681778bffd6608da471e85c81e7c95a710/handlebarrz-0.1.9-cp310-cp310-manylinux_2_38_x86_64.whl", hash = "sha256:571452316460a9c87bbaf3bae767e12742fa7db8768ce66f1fc517c3d5495a26", size = 595228 },
    { url = "https://test-files.pythonhosted.org/packages/5e/92/98137603734b8f5eb1a5d6638906070944aa0457bcbdd14263b5d1a75974/handlebarrz-0.1.9-cp310-cp310-manylinux_2_39_aarch64.whl", hash = "sha256:2060c74cd2c727760d489018f940ffc29980a3da05c091ae2cb15bbb58bebfe2", size = 569992 },
    { url = "https://test-files.pythonhosted.org/packages/3a/0f/6fa44997c583c3e458c464dde58a74becb49263856deb5c66c3006612c75/handlebarrz-0.1.9-cp310-cp310-manylinux_2_39_x86_64.whl", hash = "sha256:7d4fadd1e928a4a09b128069dc3ba758a69f41836c0a9ed14fac87844f32d031", size = 595229 },
    { url = "https://test-files.pythonhosted.org/packages/3b/14/61d46c0310569aca199dc14986f67211d2537bcb411b30bc7a536eb165b5/handlebarrz-0.1.9-cp310-cp310-manylinux_2_40_aarch64.whl", hash = "sha256:1087356a5c4a326989c9905bed60ed397c997c304aae9292ee5dec78d3411f4b", size = 569992 },
    { url = "https://test-files.pythonhosted.org/packages/4a/d7/f07b5c46131baa31eb24df4c5e68063de5c80e483033883ba3bf10484a17/handlebarrz-0.1.9-cp310-cp310-manylinux_2_40_x86_64.whl", hash = "sha256:81fef35432e2f5c955136881bef15cfc8159041a8a4673a2a3eb282321c78e48", size = 595229 },
    { url = "https://test-files.pythonhosted.org/packages/cd/ee/7661621496111f88f0ccc67fdc131ed4b1243f929c41db9c801cf7db6e6f/handlebarrz-0.1.9-cp311-cp311-macosx_10_12_x86_64.whl", hash = "sha256:f37bc98bd4b137a61513e1b3eebcd8539f7a2f03e746456289a9d92347aefe10", size = 2018474 },
    { url = "https://test-files.pythonhosted.org/packages/d1/80/35a9847bae3048aa1b556e13d007d5a4cfe05497229b2a8961542ef003a7/handlebarrz-0.1.9-cp311-cp311-macosx_11_0_arm64.whl", hash = "sha256:d0a41b84a2a06eb95a71e6f924a2094f10c25f7630540147ea8fa31cf9884668", size = 2051010 },
    { url = "https://test-files.pythonhosted.org/packages/ba/3e/f9cb63c7cbdcd30906ba200282d707f2f274620aeca5a5f6b17f446c5ef4/handlebarrz-0.1.9-cp311-cp311-manylinux_2_24_aarch64.whl", hash = "sha256:47a38e31b3d3c8909dd075a21ad9f867769e1c4f9f5fa6c348fc90574af1159c", size = 569859 },
    { url = "https://test-files.pythonhosted.org/packages/bc/8d/05d580bd7dab54c4c75439c587c93885bc6fe5744d7481eee900d1fe39d0/handlebarrz-0.1.9-cp311-cp311-manylinux_2_24_x86_64.whl", hash = "sha256:7e132af380f6cb22b26dec25edd0d61b315b42457744141721187800f7a56cdc", size = 595322 },
    { url = "https://test-files.pythonhosted.org/packages/a9/57/7c1c8b652a506eb992f67b851d84e2dec3ef1eb00791aae4c5d34ba7d8c0/handlebarrz-0.1.9-cp311-cp311-manylinux_2_25_aarch64.whl", hash = "sha256:d5d687f9cbecbc45d0632a0581f7558a1939090d2ed0f1e6df96a22f08992e91", size = 569859 },
    { url = "https://test-files.pythonhosted.org/packages/8b/fb/17b977a3ff49e352ed940c2d6e09c82d678ca0071969fe0c2b35e757108f/handlebarrz-0.1.9-cp311-cp311-manylinux_2_25_x86_64.whl", hash = "sha256:f49314163fb22649d8e5dd12c33bb51c9702655b61d5d0d7b6e25818129770de", size = 595325 },
    { url = "https://test-files.pythonhosted.org/packages/61/5f/160ebfed91687ed68d047bcf67354ec79168fe4467b178d3ee091b0f5b08/handlebarrz-0.1.9-cp311-cp311-manylinux_2_26_aarch64.whl", hash = "sha256:45f44d5e42fb479498c95eb11c661fa84b3611b0bbf66f411128238746d10e45", size = 569860 },
    { url = "https://test-files.pythonhosted.org/packages/29/58/39980790209f7da34c61ae8fffd399e3dd3f693a4bad9e4c8f5aa1729452/handlebarrz-0.1.9-cp311-cp311-manylinux_2_26_x86_64.whl", hash = "sha256:9f503a97321c67a7aaa36f7d631c952eee29b7a5660eab942cb317fdc22b9917", size = 595324 },
    { url = "https://test-files.pythonhosted.org/packages/7e/67/97e4e38829fbe2506d703b42d099aa954d3e89e63ff031470365e438e729/handlebarrz-0.1.9-cp311-cp311-manylinux_2_27_aarch64.whl", hash = "sha256:cdd9a02706454dc806182a1279642b871b3b90ec5ad3a37e3e8b5fa0fc729ec7", size = 569860 },
    { url = "https://test-files.pythonhosted.org/packages/84/f6/444995385d1628c5c1a2d01377211964e177aec21270dfb9d63933584095/handlebarrz-0.1.9-cp311-cp311-manylinux_2_27_x86_64.whl", hash = "sha256:cd53be3d4c6d339899bd1e36a85d55abb2a88e8fef43a70044794b4ef6da739c", size = 595323 },
    { url = "https://test-files.pythonhosted.org/packages/fc/75/f9bef30bbbea573d40a8032d113ce6fde8a7aad9f46bd64802fb64d242e3/handlebarrz-0.1.9-cp311-cp311-manylinux_2_28_aarch64.whl", hash = "sha256:a7fd462060ccb5fd4b416504d1f5c2fe73a26b85321f668be121ff3e1b74f3a9", size = 569859 },
    { url = "https://test-files.pythonhosted.org/packages/ba/33/303131a322fa1f40533161821328712648adf67e72a196bad6cf3e27d850/handlebarrz-0.1.9-cp311-cp311-manylinux_2_28_x86_64.whl", hash = "sha256:92b3b852e1a266b4ed64eedb1ce11876bbb03214805888ecc595257f1db1c3d5", size = 595322 },
    { url = "https://test-files.pythonhosted.org/packages/f6/e1/1e012ce9c224878279bc3822a97740b7ccd3b2551c45dc5faa1567254850/handlebarrz-0.1.9-cp311-cp311-manylinux_2_29_aarch64.whl", hash = "sha256:c411ca96c55dee45e82de950e59fd0807d828bde92dcaeac8aea7077830fa5be", size = 569859 },
    { url = "https://test-files.pythonhosted.org/packages/55/ad/49f6c7a97b81ddda8b6abe91b981fdef8f0c74740baa0b592ecf6f56969e/handlebarrz-0.1.9-cp311-cp311-manylinux_2_29_x86_64.whl", hash = "sha256:38064f4dcfde28d9dac12b9b862c01b17faac23eb8fef8d972c9469c21d59913", size = 595323 },
    { url = "https://test-files.pythonhosted.org/packages/e9/02/e9bdd2dcde82faad4c244d7371342a556b792975a942db0da93e323d3b4c/handlebarrz-0.1.9-cp311-cp311-manylinux_2_30_aarch64.whl", hash = "sha256:9868d1a1a3878b3098b3033c72069f2604bda52bbcb6ad435165505d0ae3f18f", size = 569859 },
    { url = "https://test-files.pythonhosted.org/packages/04/a2/94b34ccd90a493a41709f0a87d152ab0192f1522a00d94badd7961ba8b0d/handlebarrz-0.1.9-cp311-cp311-manylinux_2_30_x86_64.whl", hash = "sha256:cf353e6393d6004f353e25937bf0146c260e2f372ddf9466c914dcb7b504f39d", size = 595323 },
    { url = "https://test-files.pythonhosted.org/packages/d6/4e/d01462ff9cc637d64422cf46c396cc7a7231fc884040fbf96f931c763a5a/handlebarrz-0.1.9-cp311-cp311-manylinux_2_31_aarch64.whl", hash = "sha256:a580774eb5272b45fb2cf85db1ac0cd95f9f75cba541d81fbdee909c1edde387", size = 569859 },
    { url = "https://test-files.pythonhosted.org/packages/e7/40/9c6ab7f1f0dcce569326273fde13730107ac8dee44681df1a7805afce54d/handlebarrz-0.1.9-cp311-cp311-manylinux_2_31_x86_64.whl", hash = "sha256:bbb2e896ee0e99097af9a76fa5bd204582418663340aae2dfde331750c33169f", size = 595323 },
    { url = "https://test-files.pythonhosted.org/packages/08/a0/bef2019cab4d942bcf708139b60beb27f07f578ef144fa74db5763db265d/handlebarrz-0.1.9-cp311-cp311-manylinux_2_32_aarch64.whl", hash = "sha256:a6ec5efe0f5d9e8b99e814e19500c015f64feac97136976d16c8fc98240f46ed", size = 569860 },
    { url = "https://test-files.pythonhosted.org/packages/46/7b/0a63492d93bf757ec9a539d75dbcc1c653135c8d2aad368993f73d8431a6/handlebarrz-0.1.9-cp311-cp311-manylinux_2_32_x86_64.whl", hash = "sha256:84c53a7d208e04c52e65b8cc75913649988c43d272be685b84b8b1c3f861defb", size = 595321 },
    { url = "https://test-files.pythonhosted.org/packages/85/9d/da50117fd8cbb0385513e8afbb231247bba261b4dd4a67972ea2b7230203/handlebarrz-0.1.9-cp311-cp311-manylinux_2_33_aarch64.whl", hash = "sha256:4d307181549acd7cf99f3411136cd2163549a43046c5632ca2a9a69f60161ea2", size = 569860 },
    { url = "https://test-files.pythonhosted.org/packages/74/43/191be97ad64e5e5f41b4436adca4648220337dba5587368c6ff1e8d924d2/handlebarrz-0.1.9-cp311-cp311-manylinux_2_33_x86_64.whl", hash = "sha256:ec2ef5ab18f60a44d9f1a88b9fb831207ce5bd8caf6ba68ad4fa58269a2e144e", size = 595324 },
    { url = "https://test-files.pythonhosted.org/packages/88/a9/ca3bb34190ea8d5bffa6a43c02f35e8706f8776a5057925a6ff5a9ab8e62/handlebarrz-0.1.9-cp311-cp311-manylinux_2_34_aarch64.whl", hash = "sha256:4aa12830895a1dc034a232f71a855b1933a93ba49055366216419304a39ee416", size = 569860 },
    { url = "https://test-files.pythonhosted.org/packages/8c/be/90882623e1ddca4b0542a283cfe667fe13ddf5d12a03845bd86e9132a5f5/handlebarrz-0.1.9-cp311-cp311-manylinux_2_34_x86_64.whl", hash = "sha256:905841f7673ff23e3d74f2e26792bba1684e2eef60fe8bf8d0105c5064e3c300", size = 595323 },
    { url = "https://test-files.pythonhosted.org/packages/f1/61/af58235465095a019dcf94826433c72ed3c70723bcaed046fdb6be2a8c71/handlebarrz-0.1.9-cp311-cp311-manylinux_2_35_aarch64.whl", hash = "sha256:b078a8dc536a862b237f05dde27fe4bf4abe76a03b80c3ef8a5f4afcc97240eb", size = 569859 },
    { url = "https://test-files.pythonhosted.org/packages/31/ba/c55a6c76b0178139202832243464b7f1d574c9d03c2dbc8636f330166f9c/handlebarrz-0.1.9-cp311-cp311-manylinux_2_35_x86_64.whl", hash = "sha256:d47748a068c23bba274d55717c0a883c3ef94a7c499d0920373f1816c4493920", size = 595324 },
    { url = "https://test-files.pythonhosted.org/packages/96/4f/a38cf0d2982e2024319a3eb43468338bc1279e529aab9493aa5f36cccf1b/handlebarrz-0.1.9-cp311-cp311-manylinux_2_36_aarch64.whl", hash = "sha256:794416aaabd893b82b4abd160a15855691d61ec72a7f8503319bf040ad53d521", size = 569859 },
    { url = "https://test-files.pythonhosted.org/packages/61/08/842870c5d7fab6651ef6fed84df61fe2e6ce528b57e68abc19f852a66b7f/handlebarrz-0.1.9-cp311-cp311-manylinux_2_36_x86_64.whl", hash = "sha256:a84a82a9ceceecfd29d08cf0daefba6c4dcbc7f9a901c53b60bd8188a4385788", size = 595322 },
    { url = "https://test-files.pythonhosted.org/packages/f9/89/3935dee8add6e2005160a1df868746cb1712718efc550c7b673380995741/handlebarrz-0.1.9-cp311-cp311-manylinux_2_37_aarch64.whl", hash = "sha256:d75b75261fb490b0db54def88d4ec21d07d9ce0f008248d945fc423ce226c19e", size = 569859 },
    { url = "https://test-files.pythonhosted.org/packages/40/04/5f449412cee7bd50a41a49563b881b8e70561f49ce12b2fda2cff27c9e0d/handlebarrz-0.1.9-cp311-cp311-manylinux_2_37_x86_64.whl", hash = "sha256:20d1f759c6ef54ac4da13effd849d7c41e251ba89d2fcb2229e8c72a037c21a2", size = 595324 },
    { url = "https://test-files.pythonhosted.org/packages/3f/db/aadad7293a656fa5bd89d9a421428daf9b3ec800d71e3f8cf4884a558715/handlebarrz-0.1.9-cp311-cp311-manylinux_2_38_aarch64.whl", hash = "sha256:f5d20a21a39f91a943ea89247017c4be6488df74c265d5162ee9d5bec7bc0bdb", size = 569859 },
    { url = "https://test-files.pythonhosted.org/packages/56/82/1b114c5527a85415a75fe359904c2404866ecb073279d9351fb4f5d85847/handlebarrz-0.1.9-cp311-cp311-manylinux_2_38_x86_64.whl", hash = "sha256:9d002c5ce907a4583242e988d9de8d10007fd2b8adcf87d8a5725ecbe6bcd8fe", size = 595322 },
    { url = "https://test-files.pythonhosted.org/packages/0d/7c/b3f6b8c62e50b9b0e275a3c43a5e9df7c1d2fe2d9b385d3c92f1790919b0/handlebarrz-0.1.9-cp311-cp311-manylinux_2_39_aarch64.whl", hash = "sha256:8d4475aa9652ed7a0b0fb68d3dbf2b83ba3e00a133cb3de9eb0ac6a103127d2d", size = 569860 },
    { url = "https://test-files.pythonhosted.org/packages/24/cb/c2e12a262c1544ebcccf6653b330f85b257adeb46936b2dc6572cc95cb79/handlebarrz-0.1.9-cp311-cp311-manylinux_2_39_x86_64.whl", hash = "sha256:5eb7a5130fa6566b24b7a72d703ff02dd5f944824b40157db31f0204bbdc4e23", size = 595323 },
    { url = "https://test-files.pythonhosted.org/packages/f1/7f/98742dcacd3e3a18069ead875da8a843fec25d58651bbc30ea83bf63825d/handlebarrz-0.1.9-cp311-cp311-manylinux_2_40_aarch64.whl", hash = "sha256:6d292b4809e2a201a415971110775d70987df87665fcd9650f73640f584a1fdb", size = 569859 },
    { url = "https://test-files.pythonhosted.org/packages/c0/e8/401dab3bbaab1eaf65868fec7d0f6331af5a5463fe9511f22b6a4dd27f93/handlebarrz-0.1.9-cp311-cp311-manylinux_2_40_x86_64.whl", hash = "sha256:fbe513676a8c9eeda7bdf0affc9caa8869fa52f683f629bf3256502a126c8d80", size = 595323 },
    { url = "https://test-files.pythonhosted.org/packages/30/c4/18d76ba4d5dfa47262014cc70f57d75c3e1612cd73d132495d41b32c41a3/handlebarrz-0.1.9-cp311-cp311-win_amd64.whl", hash = "sha256:5f3f19dd77d5c8a570e2183e864cc17c062ee8dee4e78b3c21edf8fdab64503a", size = 701947 },
    { url = "https://test-files.pythonhosted.org/packages/10/bc/69501b56215ecb232bebd753683128cc640eed5a85cb83eff2f051f44b48/handlebarrz-0.1.9-cp312-cp312-macosx_10_12_x86_64.whl", hash = "sha256:6f1bf932918dab1a889f1b3f72b2994747bcfc2b07d6c06a6518d91d1605671b", size = 2016783 },
    { url = "https://test-files.pythonhosted.org/packages/e6/f9/2e893eee2cd2103ce5669b383523e7cf2d963bf5690a74c0313c194237a2/handlebarrz-0.1.9-cp312-cp312-macosx_11_0_arm64.whl", hash = "sha256:674047465b86d64a2e28ccf4970c789d1f44bebeda188101479c52844f920c16", size = 2048669 },
    { url = "https://test-files.pythonhosted.org/packages/af/39/e6512f0b2ce676d9841fec28f62f31a21ba43182e7817fb737d7a5f46c5d/handlebarrz-0.1.9-cp312-cp312-manylinux_2_24_aarch64.whl", hash = "sha256:09a1938669b4a4fa5a227088bb0a023cabd4caeb97c56293ae6c0a2c3a7de50c", size = 569432 },
    { url = "https://test-files.pythonhosted.org/packages/e7/ec/44b16548ff0a850d3623d7790fd58864809d4bd37aec2388ad05ba1aee55/handlebarrz-0.1.9-cp312-cp312-manylinux_2_24_x86_64.whl", hash = "sha256:ebbacb4b4286e5a6513aea805f8f983fa0299fb1a1c8ba59cd6e5c769b66c8ed", size = 594807 },
    { url = "https://test-files.pythonhosted.org/packages/87/86/4a11fa339fad75951e3cdd409a66eebbc7858b3b65446a9ee88f59aa366c/handlebarrz-0.1.9-cp312-cp312-manylinux_2_25_aarch64.whl", hash = "sha256:9d9e69e3a464329b5eb04cfa1aa86d63ce16483b445e5ec1ca9127dd186edaaa", size = 569430 },
    { url = "https://test-files.pythonhosted.org/packages/7b/cb/fade96e2c636342e1a835ab485f4ac1c9f0873db75576907e77e17104a04/handlebarrz-0.1.9-cp312-cp312-manylinux_2_25_x86_64.whl", hash = "sha256:8a5bdac74e2f420481782a540e4afc00cc9eb37ca7c84f792edcd6f43754e41f", size = 594806 },
    { url = "https://test-files.pythonhosted.org/packages/4a/01/af5f7ded5871fe96bf104ae4ad44320cdd6e3feec8cce4dc4286f50d2574/handlebarrz-0.1.9-cp312-cp312-manylinux_2_26_aarch64.whl", hash = "sha256:679f025e8f6b1655964d94f0fcf31f43f81679fc5f1fd0be658c7c844a53f9e5", size = 569431 },
    { url = "https://test-files.pythonhosted.org/packages/2e/87/2a0e754253796cf453f02f04c53bf9fe71db97efbd4fb9a43b7704fe954d/handlebarrz-0.1.9-cp312-cp312-manylinux_2_26_x86_64.whl", hash = "sha256:9faa6986678b8cfe118c80a2dbe2e5fc8638f6b58e742ed757bf61bec384e5a1", size = 594806 },
    { url = "https://test-files.pythonhosted.org/packages/b4/ad/304fb844cc18091916984e347c960873947ddd30222fb6a2ce34f38493be/handlebarrz-0.1.9-cp312-cp312-manylinux_2_27_aarch64.whl", hash = "sha256:0123d02076a23a5ee1b57238f76163fe024309eb2dedaf34f1fef71c72908379", size = 569431 },
    { url = "https://test-files.pythonhosted.org/packages/93/21/a77cb277e00d854d59aade00bb2423b2edca99e4eb86071c72570be98906/handlebarrz-0.1.9-cp312-cp312-manylinux_2_27_x86_64.whl", hash = "sha256:73a9839d0897809e20a4a85518891714e691288863b429de686620408727297e", size = 594806 },
    { url = "https://test-files.pythonhosted.org/packages/5d/2b/b22a6e259189ab3878979fb7d9b0bb8e03e679addd8f95e60c2d78f6bf0b/handlebarrz-0.1.9-cp312-cp312-manylinux_2_28_aarch64.whl", hash = "sha256:78fa4764c0991636845bd926a31b55cba415eb0396c8e81a7377025baf229026", size = 569432 },
    { url = "https://test-files.pythonhosted.org/packages/af/57/c5590c293e0c5afb5ed5047958a35d9b5bac32499e3266d22771ccdef88c/handlebarrz-0.1.9-cp312-cp312-manylinux_2_28_x86_64.whl", hash = "sha256:b86f7f55e5388be24152dd6c5ad2c0a0df3bc67063c998c9b4e71da406f72540", size = 594807 },
    { url = "https://test-files.pythonhosted.org/packages/40/8e/dc73864b7b0743190394d9febe64b39dd276d090e72e3e11cce6b747056f/handlebarrz-0.1.9-cp312-cp312-manylinux_2_29_aarch64.whl", hash = "sha256:55b1cc46622bf7b77f390342a754796c03d08e64f9557089f5bf9383cfd5540d", size = 569433 },
    { url = "https://test-files.pythonhosted.org/packages/91/1f/c6aef9b2f00df11738417f74828d50ec471174c09c93d2185da173894d69/handlebarrz-0.1.9-cp312-cp312-manylinux_2_29_x86_64.whl", hash = "sha256:5174bb5f81601e03c12affcf6fd29858bd0b301211141b91e11cf50be19bee87", size = 594806 },
    { url = "https://test-files.pythonhosted.org/packages/5d/bb/9d04a428d35da9e53852c5d5473e0c194557eca67e94bf0ad1005c67652d/handlebarrz-0.1.9-cp312-cp312-manylinux_2_30_aarch64.whl", hash = "sha256:85309a2198f5680ebdf7f0701695243334ad4d68f4afc6d202be6ecadd8c19f0", size = 569431 },
    { url = "https://test-files.pythonhosted.org/packages/80/f8/376f4c7eac258e494a66ac109c2007f78f27b43043f322fef0d7a382bec9/handlebarrz-0.1.9-cp312-cp312-manylinux_2_30_x86_64.whl", hash = "sha256:86f5ce4aed268389eb259b49af37f3a7bd9761bfb8e6f0ff85eefd6fb12a6f9d", size = 594807 },
    { url = "https://test-files.pythonhosted.org/packages/75/97/ce618b1a2d6f82773c29d08e7596fbb4288a512278f1d6f6a9d8464ced01/handlebarrz-0.1.9-cp312-cp312-manylinux_2_31_aarch64.whl", hash = "sha256:93751b7e24d3aeee50fabd6eb288d6cfb6aedf077b89dc5d4e8b3b64287be0ca", size = 569431 },
    { url = "https://test-files.pythonhosted.org/packages/8d/8c/8214e5ab82341ae8c3d5fdb8c627cc58b3a3f375f63ce768f5c1442ccf54/handlebarrz-0.1.9-cp312-cp312-manylinux_2_31_x86_64.whl", hash = "sha256:ff5f66eed0d380e41b44cecc4f8bd6f58186c8eebe1ec09915fdc01dd5788d57", size = 594807 },
    { url = "https://test-files.pythonhosted.org/packages/07/38/03e2a65c41f5d9758717403f2fc8035641882c40f5f3d0416ebfdef6bc9b/handlebarrz-0.1.9-cp312-cp312-manylinux_2_32_aarch64.whl", hash = "sha256:f7ae66e43143ef89c6eaa2b5ed9ab5eccd513f64faee1442bed3a0a61f4594d7", size = 569432 },
    { url = "https://test-files.pythonhosted.org/packages/b4/f1/b8746c3870e9ec100304120b4777788db89debf623e7da5d4ee380ea19d2/handlebarrz-0.1.9-cp312-cp312-manylinux_2_32_x86_64.whl", hash = "sha256:85460e42191ea1378a0968fcc8621ff547bd331fed8753a108f7a7ab2bd80fb3", size = 594806 },
    { url = "https://test-files.pythonhosted.org/packages/9f/ed/12430b0b09d8419936e4136a907fd19627be41b2d4efbb4344f4bcb3cb45/handlebarrz-0.1.9-cp312-cp312-manylinux_2_33_aarch64.whl", hash = "sha256:f54c4ff203cf01ab9cd95e6a9d04014debf5a06218ae939f7f3fbdf7eecc163e", size = 569432 },
    { url = "https://test-files.pythonhosted.org/packages/46/c1/262477ae7b5638538a69c47a1a7ced2c2bef9b2a6549d78a0f2beaadfcea/handlebarrz-0.1.9-cp312-cp312-manylinux_2_33_x86_64.whl", hash = "sha256:b1e123ca1d0d8fe7fbc954b39cc7bd50776a3cc6d23d6e6ad1927417ded3ba72", size = 594806 },
    { url = "https://test-files.pythonhosted.org/packages/bf/5d/3fac11c12439bbfe9cfcfcb1e71c5266961900987fdf279edfc5e4699a8f/handlebarrz-0.1.9-cp312-cp312-manylinux_2_34_aarch64.whl", hash = "sha256:25525679c608c99e24997311ec9ce019c4b0375e44733272457c5e36e0a417a9", size = 569430 },
    { url = "https://test-files.pythonhosted.org/packages/84/3b/8b1246778135db5c3232d0ba87bbeb35c6d2aa9bcbafec663db1ef6217af/handlebarrz-0.1.9-cp312-cp312-manylinux_2_34_x86_64.whl", hash = "sha256:02a3b84ff790b4d186a89e0df4a2499f1ec020a587c75ab0010b3b9997c0801b", size = 594806 },
    { url = "https://test-files.pythonhosted.org/packages/b3/27/1f1f5736ed051ae93b2596a2835b2e84428f3672b6c059a45b3de1c43067/handlebarrz-0.1.9-cp312-cp312-manylinux_2_35_aarch64.whl", hash = "sha256:54bdad95857005db0e09181303c6daffb89fec5b5ebab0b0c7059cbdbd888ea7", size = 569431 },
    { url = "https://test-files.pythonhosted.org/packages/3b/91/82753e9da6789364c6313d216952461cf34d390f71c36f1eea731b7daf74/handlebarrz-0.1.9-cp312-cp312-manylinux_2_35_x86_64.whl", hash = "sha256:c92cfaac89a1827e38aed9a3165cd45cd2b0453512ba06670588970328009bae", size = 594807 },
    { url = "https://test-files.pythonhosted.org/packages/58/77/243d6748d6ebf315e5e67dbc2693fa41ee91521d05018dc14c78f6781423/handlebarrz-0.1.9-cp312-cp312-manylinux_2_36_aarch64.whl", hash = "sha256:79094087e21d101e0df528c9074ea9948f963c320c613a68a1cea6c908ec1198", size = 569431 },
    { url = "https://test-files.pythonhosted.org/packages/e1/fa/3716fb4726e654eba959ae8ae76886b2cb78bd3d4d122a58e24918110488/handlebarrz-0.1.9-cp312-cp312-manylinux_2_36_x86_64.whl", hash = "sha256:bb6e1692c800df540c323f92997839a9757d8b764355a11919468f9b7fc011bf", size = 594807 },
    { url = "https://test-files.pythonhosted.org/packages/23/cd/32605d90424e9c5a616fff19c60b01e9b7bc3f91aaf57883053172ea65e2/handlebarrz-0.1.9-cp312-cp312-manylinux_2_37_aarch64.whl", hash = "sha256:4170f62f8a4e65b604155115b81aff31046c3ab35240cb074fa290c63c8bf155", size = 569432 },
    { url = "https://test-files.pythonhosted.org/packages/43/cc/016db860d8a4877febb5ab48dd83913f7c2844ff22bd05cbe3e439963da5/handlebarrz-0.1.9-cp312-cp312-manylinux_2_37_x86_64.whl", hash = "sha256:b88df51682f8463d228dadc21ede22eadc112458b40fa1fd68c2d95f89a4a90d", size = 594808 },
    { url = "https://test-files.pythonhosted.org/packages/72/3c/4416537706bbcec54518b8ae54ceb634c4d07f6ea7673a233be6188f3512/handlebarrz-0.1.9-cp312-cp312-manylinux_2_38_aarch64.whl", hash = "sha256:50d58b4003628b7fb0705260354ade7f1b1a41c12157b8c0d32d260f561bade5", size = 569431 },
    { url = "https://test-files.pythonhosted.org/packages/d1/4c/638915269428aa25224e9113bcd63b790750f06a08a4a5ba595f4e1071bd/handlebarrz-0.1.9-cp312-cp312-manylinux_2_38_x86_64.whl", hash = "sha256:58da59ee4bfb22719f04261a220a1f134537de91b456f717f9b9a718beb233ca", size = 594807 },
    { url = "https://test-files.pythonhosted.org/packages/54/7b/176420dbe8bc6ec49a4ff6394bf490ec5f80f1066db2945c298dc722bb23/handlebarrz-0.1.9-cp312-cp312-manylinux_2_39_aarch64.whl", hash = "sha256:03ba8312e39879367eb631235362917352901134d0b76ed5ac3fb036520f335c", size = 569431 },
    { url = "https://test-files.pythonhosted.org/packages/4f/e4/39d42b4e98aadb8010dd4e6ee5e347741385680c916cd05afe7c5a905d15/handlebarrz-0.1.9-cp312-cp312-manylinux_2_39_x86_64.whl", hash = "sha256:2ed9b7ed1d3aeb3b42f3dc452b9291f919e9f25d561fcd85fb5c70f90c19cb1d", size = 594807 },
    { url = "https://test-files.pythonhosted.org/packages/e9/1f/678d97c7f57ec212edb1735d017c63ede67e272f158032beb085b60f55f7/handlebarrz-0.1.9-cp312-cp312-manylinux_2_40_aarch64.whl", hash = "sha256:681470e33524a0be49c011eb6ffd480e2482f0e9747bd0195c8d6835ff649e91", size = 569430 },
    { url = "https://test-files.pythonhosted.org/packages/aa/f5/95435dc6a2aea8c40a0d48ec74bbdc01e6e5464fba36fb6c2667f534782f/handlebarrz-0.1.9-cp312-cp312-manylinux_2_40_x86_64.whl", hash = "sha256:52ac7a67213976b67736007ecf290c0c7de0ea57467aa55758a3d65205d4ed3e", size = 594806 },
    { url = "https://test-files.pythonhosted.org/packages/54/68/6c901c009a21c56393444ec8f627a8f855e2ecdaf3e0e94ed7f8862c51c5/handlebarrz-0.1.9-cp312-cp312-musllinux_1_2_aarch64.whl", hash = "sha256:72d9755c01295ee24178b0c8b7b38e50b0babf4835346edd86d2d94f9cf5f714", size = 634007 },
    { url = "https://test-files.pythonhosted.org/packages/cc/9a/fc41111f796a6c92d48b5840ec3595cb8ff59ddc370cdec47d9ace98cbca/handlebarrz-0.1.9-cp313-cp313-macosx_10_12_x86_64.whl", hash = "sha256:3f090bad49a830a13bd31a1aae4e6dfe34c07a60032433ef4da8f14c28b80ae6", size = 2014752 },
    { url = "https://test-files.pythonhosted.org/packages/ba/f9/4c14d3b1e4479d7b8cd798abfaf28e1fe00de671993c7e320b481b74eb2f/handlebarrz-0.1.9-cp313-cp313-macosx_11_0_arm64.whl", hash = "sha256:ff76a370b5c4b9d51bab4c554a2afc32f87970ea2190be1735e482fe5525d41e", size = 2045667 },
    { url = "https://test-files.pythonhosted.org/packages/2f/45/b2977f013b685274586489676823ef766f8538c055d946baeffdf3b9f9d7/handlebarrz-0.1.9-cp313-cp313-manylinux_2_24_aarch64.whl", hash = "sha256:8e4abb654724e71dbb4302f0508c4862ab959cf389317f515d58c73931da375e", size = 569170 },
    { url = "https://test-files.pythonhosted.org/packages/25/15/c9c22e99ec13b94efe0e4b4cb71b8918932cdc80ce8ad049d812c172cacb/handlebarrz-0.1.9-cp313-cp313-manylinux_2_24_x86_64.whl", hash = "sha256:d637de3817f79e8e2b3e88eeac4cf5f740f575bd8d020305f7c80f37392131fb", size = 594088 },
    { url = "https://test-files.pythonhosted.org/packages/a7/95/ef2adbc2ffff4f17950b65d3df2d6244e0b0905b81ba9e616bded2ce84da/handlebarrz-0.1.9-cp313-cp313-manylinux_2_25_aarch64.whl", hash = "sha256:b8f6fd5c387cf9ca994d649f92ec045b8c332d3134d647e21e099342e1077936", size = 569171 },
    { url = "https://test-files.pythonhosted.org/packages/a7/56/51f905223a6c2fb8ed5f09d2debfa8929611f4fc646b2b4268c781be7d66/handlebarrz-0.1.9-cp313-cp313-manylinux_2_25_x86_64.whl", hash = "sha256:65d0fa76a1a623dd77bc7f6f7133daea4fc904ea3ba0d22a393e998c7bdcb692", size = 594090 },
    { url = "https://test-files.pythonhosted.org/packages/71/72/b79e84b1b1bd15ce20d1305edd90a84f7ecc45b8aa0b3f6e94c11b78cfc7/handlebarrz-0.1.9-cp313-cp313-manylinux_2_26_aarch64.whl", hash = "sha256:b03db58feadc2d6f15d23ff5574990efe78c6d5fb84bcdd5c956ef14da4abce5", size = 569170 },
    { url = "https://test-files.pythonhosted.org/packages/e1/f2/5023131d7754c450dde44a5161408263b164660eb7c833ddd759ac120678/handlebarrz-0.1.9-cp313-cp313-manylinux_2_26_x86_64.whl", hash = "sha256:863be05f526546772f5d036e670005b855a297227800a27114f8817c7d5bf548", size = 594091 },
    { url = "https://test-files.pythonhosted.org/packages/9f/ef/714f04aa4c8c04a61a055086a1ca83d2949bb800880a84fa4c03dfdbe2e1/handlebarrz-0.1.9-cp313-cp313-manylinux_2_27_aarch64.whl", hash = "sha256:3dc3d337ddbc33f85ce512104d7dd0b6b75bd16e1aae05b70a01716cf4081b4c", size = 569171 },
    { url = "https://test-files.pythonhosted.org/packages/15/b8/7aae8d0c14eb47cf94cdb38aff9462aac93341c8e6cbd42cf9508b19ea90/handlebarrz-0.1.9-cp313-cp313-manylinux_2_27_x86_64.whl", hash = "sha256:23496c6e2de15f19c800c78358d58562cab049dcc13567e2e4fbdf2963e46072", size = 594090 },
    { url = "https://test-files.pythonhosted.org/packages/3a/15/8e81e06b5cd2d269c3c7d8947adf300d4e7de3e2f02dea3fec7e73af361c/handlebarrz-0.1.9-cp313-cp313-manylinux_2_28_aarch64.whl", hash = "sha256:0c667f1ead230181139c1ffee79f795a69f7a4680a5ecabf772e0888433f86ee", size = 569171 },
    { url = "https://test-files.pythonhosted.org/packages/0a/81/0f8ca29ec5c301a1635435ef6b51994d342d23a477f0c7e2e12dd78f1250/handlebarrz-0.1.9-cp313-cp313-manylinux_2_28_x86_64.whl", hash = "sha256:6a308b52098146d569bfeb8d3fefc693b988e02718d391b063b268e936335d77", size = 594090 },
    { url = "https://test-files.pythonhosted.org/packages/4a/b1/5825fb39b136f54d4e075ff958504ed4a16b8671fbb1271e1a63199d2b4a/handlebarrz-0.1.9-cp313-cp313-manylinux_2_29_aarch64.whl", hash = "sha256:33aede0cc0d07ccbcd765aea76ee02458cc818b78d6f90ece2b7e46c874d39d9", size = 569172 },
    { url = "https://test-files.pythonhosted.org/packages/b0/bc/7725c63b233f0ef3089db230626762b54de270aacb68bb522d9d270fa734/handlebarrz-0.1.9-cp313-cp313-manylinux_2_29_x86_64.whl", hash = "sha256:9d5937b2d6a1563a86e19eda21a9909de9349713b9c968e1ae41e41dd78dcd3c", size = 594091 },
    { url = "https://test-files.pythonhosted.org/packages/e8/dc/002aa476d3ad3bf4bcc0b79fdde1290cbcd8c840e155521433e2ab0bed82/handlebarrz-0.1.9-cp313-cp313-manylinux_2_30_aarch64.whl", hash = "sha256:15fb0ae68bc9a358e8db255006ff8d9ac6f95318c6c31171ac14adc045e4be13", size = 569171 },
    { url = "https://test-files.pythonhosted.org/packages/cf/92/fbc6922e1cf828d27eab9e98e8125131c4f458b5851c27589ecf09c20040/handlebarrz-0.1.9-cp313-cp313-manylinux_2_30_x86_64.whl", hash = "sha256:1ebd330b2d161878af97002a23643c11e892f8a16360f8209c15837985daf7f2", size = 594089 },
    { url = "https://test-files.pythonhosted.org/packages/55/41/59725ca387d7606bc81dbd66ad4457a48546f014c20a58c58c58a557d385/handlebarrz-0.1.9-cp313-cp313-manylinux_2_31_aarch64.whl", hash = "sha256:9825d92ab48f70bfd643d27d2d1c53b0797126d555bc970b4416a15b14a407fc", size = 569172 },
    { url = "https://test-files.pythonhosted.org/packages/e8/57/b76c57b841fb37484ac380f8121fed88b2c020f79f70c5b72318aeca2513/handlebarrz-0.1.9-cp313-cp313-manylinux_2_31_x86_64.whl", hash = "sha256:f644b5b4fd4fbdca2c959bbfc226f100fa60a9feb5732bb9790359440433fe86", size = 594089 },
    { url = "https://test-files.pythonhosted.org/packages/7a/25/039fe524cf22bdee59dbcedfa0ee4c249f5dc6c8cc80eb85d5269581117d/handlebarrz-0.1.9-cp313-cp313-manylinux_2_32_aarch64.whl", hash = "sha256:be04f2043522b1b6f23f920cee0a0976d3ec5c0a3ff60e197a38a9a1649fc2ed", size = 569172 },
    { url = "https://test-files.pythonhosted.org/packages/97/1c/de8a9b9233a0f9098bb8004574690dd9e6695c200655c270de2b863ecd3a/handlebarrz-0.1.9-cp313-cp313-manylinux_2_32_x86_64.whl", hash = "sha256:f87eb4b5bd43a27996d713a9a9378bd88bcaccc19b27e0ee176ef2302b9c4fb0", size = 594091 },
    { url = "https://test-files.pythonhosted.org/packages/d5/88/b35972715fcd770e36b91359acd81ce4309820700c6f319dee619dec0ca6/handlebarrz-0.1.9-cp313-cp313-manylinux_2_33_aarch64.whl", hash = "sha256:3b825a48b54f821e1511d8203523733af299abe9c03be2658135fc78cb2443b3", size = 569170 },
    { url = "https://test-files.pythonhosted.org/packages/89/93/e1494996ac3fc19c334ef055c6bacec89bfee99273a20ead5c51314bd148/handlebarrz-0.1.9-cp313-cp313-manylinux_2_33_x86_64.whl", hash = "sha256:6f15d9d6ad2139efcc086e6e98fb4faf40c55f941574e7420f346eade61873b0", size = 594089 },
    { url = "https://test-files.pythonhosted.org/packages/98/ed/4df961c25d7a4d3bfba681dc6251c79fa556290b726ef13ff3a342c796d2/handlebarrz-0.1.9-cp313-cp313-manylinux_2_34_aarch64.whl", hash = "sha256:80d08e0a26323c91db997debeb2497a94e6b1617c39af71dbc9bafb722a95366", size = 569172 },
    { url = "https://test-files.pythonhosted.org/packages/87/e3/64306220345c205d4f5bed101e3a99ab0cdd3122e992f1ef8256daa71b98/handlebarrz-0.1.9-cp313-cp313-manylinux_2_34_x86_64.whl", hash = "sha256:9d6116481df82066dce774e5a3e879ca1d9dcf0c35aeab5a2155269ba380b804", size = 594090 },
    { url = "https://test-files.pythonhosted.org/packages/98/59/e9bf56c343af57ef9cfc3c364988318d1153b42bea657190cf3008d93ba6/handlebarrz-0.1.9-cp313-cp313-manylinux_2_35_aarch64.whl", hash = "sha256:157ee5f8bea9f09cbac2a15ce4fc97e497b00ee635072477642084e075da44b1", size = 569170 },
    { url = "https://test-files.pythonhosted.org/packages/b5/3d/c99219b48ffe81da2081dd94ebdb269e41bea8fee589612042989391b653/handlebarrz-0.1.9-cp313-cp313-manylinux_2_35_x86_64.whl", hash = "sha256:dc62db2401c613d4ed121f3efa40dcc2ef0c7ffa464274f029bbe7c287bd95e9", size = 594090 },
    { url = "https://test-files.pythonhosted.org/packages/2b/6e/c320b4deb198b266c2265166aa47fa3c044c9926c7cecd2bfe75bf9e703c/handlebarrz-0.1.9-cp313-cp313-manylinux_2_36_aarch64.whl", hash = "sha256:3627a622048ba152e613a0584e97ecce203ecbe6876eb89b4c4d95bfd5fdeebe", size = 569172 },
    { url = "https://test-files.pythonhosted.org/packages/36/16/90c97445b11925ae61006ceda86ebe8160387bb7baa49b05d594f65abe6b/handlebarrz-0.1.9-cp313-cp313-manylinux_2_36_x86_64.whl", hash = "sha256:4df547474b7a627f2b145ffe721670d79dec5e61a61f5e6566d14b4d05adca80", size = 594088 },
    { url = "https://test-files.pythonhosted.org/packages/a1/6f/e7cf6ca1884a87092c8a71f3a7dcccfdb340722fff7186fb40abe4544099/handlebarrz-0.1.9-cp313-cp313-manylinux_2_37_aarch64.whl", hash = "sha256:ad75edbbae85b4a1640dac1ef04a9b624fa1b12bd03f9d15f3ef026c6364210b", size = 569171 },
    { url = "https://test-files.pythonhosted.org/packages/87/ff/df9a94a047ce3cca2bb4d2de99db14cdf68c6f9bc1127558af7cce062ae7/handlebarrz-0.1.9-cp313-cp313-manylinux_2_37_x86_64.whl", hash = "sha256:bb4aeea59fa4cdf2a072bc02a285f18b0c83d442a779c4037fceb9aa7a149576", size = 594090 },
    { url = "https://test-files.pythonhosted.org/packages/66/7b/36699450d138aca1db2064ac5a2011cdbc7795a7c565769ac9704a428a06/handlebarrz-0.1.9-cp313-cp313-manylinux_2_38_aarch64.whl", hash = "sha256:f09d5e5ca6896ffad41058e5285f9c5919fd4c97250285cec6fb61a889b377e8", size = 569172 },
    { url = "https://test-files.pythonhosted.org/packages/48/c1/1b8072c6626527e2448699cebb6929bfddeb8dfec72955ac66279fdaf65c/handlebarrz-0.1.9-cp313-cp313-manylinux_2_38_x86_64.whl", hash = "sha256:23f47f539e7124c1f1b05f2cc11da6a6796c6bb32276c6e41af86b935a36b314", size = 594089 },
    { url = "https://test-files.pythonhosted.org/packages/73/6c/7a0b7e76f95b2e54ab7aaf6090e13c25631b3d0eece8bf6d774662d1afc1/handlebarrz-0.1.9-cp313-cp313-manylinux_2_39_aarch64.whl", hash = "sha256:79518455e9c15728eaf6813fa3e704fa59728652d1f65d16217ceeeeef3e71b1", size = 569171 },
    { url = "https://test-files.pythonhosted.org/packages/65/c7/6b9ded306d617e6f7c9b085697234efd9fc303a6c00d817ea241be2b42ec/handlebarrz-0.1.9-cp313-cp313-manylinux_2_39_x86_64.whl", hash = "sha256:98aeb54c974902cfac30f5ddc7b3159ca5cfb2b7ea66291d4ee3e5c0b45351bc", size = 594089 },
    { url = "https://test-files.pythonhosted.org/packages/b8/aa/e557d530c5ed5dc5d3f4f7a325dc92c8ed00c8e87f7c80d9f6a831736a55/handlebarrz-0.1.9-cp313-cp313-manylinux_2_40_aarch64.whl", hash = "sha256:64d614d3b186c5aa2dfc955c4668d1db6d4c765b7cbb03701c9c9626d9f6ab48", size = 569170 },
    { url = "https://test-files.pythonhosted.org/packages/02/2a/28754088b982fd1a0329ad48a53fd51b13b4a1e2b79bebb957611a6d837c/handlebarrz-0.1.9-cp313-cp313-manylinux_2_40_x86_64.whl", hash = "sha256:176000d6ea3e221558ce4d7c15815e26393214a96646f66364511151548beb84", size = 594090 },
    { url = "https://test-files.pythonhosted.org/packages/4c/e7/94fd64f3d8fb392911f4a6cd8a6f347ca9a3793425e64396b0af36434136/handlebarrz-0.1.9-cp313-cp313-win_amd64.whl", hash = "sha256:86aeb7c6ce0bbb6896e0f390fff484c237d92f0c8044ff566627229bfee477a5", size = 699820 },
]

[[package]]
name = "handlebarrz-smoke-tests"
version = "0.1.0"
source = { virtual = "." }
dependencies = [
    { name = "handlebarrz" },
]

[package.metadata]
requires-dist = [{ name = "handlebarrz", specifier = ">=0.1.9" }]

[[package]]
name = "strenum"
version = "0.4.15"
source = { registry = "https://pypi.org/simple" }
sdist = { url = "https://files.pythonhosted.org/packages/85/ad/430fb60d90e1d112a62ff57bdd1f286ec73a2a0331272febfddd21f330e1/StrEnum-0.4.15.tar.gz", hash = "sha256:878fb5ab705442070e4dd1929bb5e2249511c0bcf2b0eeacf3bcd80875c82eff", size = 23384 }
wheels = [
    { url = "https://files.pythonhosted.org/packages/81/69/297302c5f5f59c862faa31e6cb9a4cd74721cd1e052b38e464c5b402df8b/StrEnum-0.4.15-py3-none-any.whl", hash = "sha256:a30cda4af7cc6b5bf52c8055bc4bf4b2b6b14a93b574626da33df53cf7740659", size = 8851 },
]

[[package]]
name = "structlog"
version = "25.2.0"
source = { registry = "https://test.pypi.org/simple" }
dependencies = [
    { name = "typing-extensions", marker = "python_full_version < '3.11'" },
]
sdist = { url = "https://test-files.pythonhosted.org/packages/78/b8/d3670aec25747e32d54cd5258102ae0d69b9c61c79e7aa326be61a570d0d/structlog-25.2.0.tar.gz", hash = "sha256:d9f9776944207d1035b8b26072b9b140c63702fd7aa57c2f85d28ab701bd8e92", size = 1367438 }
wheels = [
    { url = "https://test-files.pythonhosted.org/packages/51/eb/244741c1abf7b4092686db0798a4c43491298f40ddec4226f5c4f6b5d3eb/structlog-25.2.0-py3-none-any.whl", hash = "sha256:0fecea2e345d5d491b72f3db2e5fcd6393abfc8cd06a4851f21fcd4d1a99f437", size = 68448 },
]

[[package]]
name = "typing-extensions"
version = "4.13.1"
source = { registry = "https://pypi.org/simple" }
sdist = { url = "https://files.pythonhosted.org/packages/76/ad/cd3e3465232ec2416ae9b983f27b9e94dc8171d56ac99b345319a9475967/typing_extensions-4.13.1.tar.gz", hash = "sha256:98795af00fb9640edec5b8e31fc647597b4691f099ad75f469a2616be1a76dff", size = 106633 }
wheels = [
    { url = "https://files.pythonhosted.org/packages/df/c5/e7a0b0f5ed69f94c8ab7379c599e6036886bffcde609969a5325f47f1332/typing_extensions-4.13.1-py3-none-any.whl", hash = "sha256:4b6cf02909eb5495cfbc3f6e8fd49217e6cc7944e145cdda8caa3734777f9e69", size = 45739 },
]
